
Microsoft Visual Studio Solution File, Format Version 12.00
# Visual Studio Version 17
VisualStudioVersion = 17.2.32616.157
MinimumVisualStudioVersion = 10.0.40219.1
Project("{9A19103F-16F7-4668-BE54-9A1E7A4F7556}") = "YouTubeHighlightEditor.Wpf", "YouTubeHighlightEditor.Wpf\YouTubeHighlightEditor.Wpf.csproj", "{C0003AEB-9ADF-4A5B-AE70-C41F295B8EC9}"
EndProject
Project("{9A19103F-16F7-4668-BE54-9A1E7A4F7556}") = "YouTubeHighlightEditor.Model", "YouTubeHighlightEditor.Model\YouTubeHighlightEditor.Model.csproj", "{9D338E9A-FE94-49CD-9590-744D254683BD}"
EndProject
Global
	GlobalSection(SolutionConfigurationPlatforms) = preSolution
		Debug|Any CPU = Debug|Any CPU
		Release|Any CPU = Release|Any CPU
	EndGlobalSection
	GlobalSection(ProjectConfigurationPlatforms) = postSolution
		{C0003AEB-9ADF-4A5B-AE70-C41F295B8EC9}.Debug|Any CPU.ActiveCfg = Debug|Any CPU
		{C0003AEB-9ADF-4A5B-AE70-C41F295B8EC9}.Debug|Any CPU.Build.0 = Debug|Any CPU
		{C0003AEB-9ADF-4A5B-AE70-C41F295B8EC9}.Release|Any CPU.ActiveCfg = Release|Any CPU
		{C0003AEB-9ADF-4A5B-AE70-C41F295B8EC9}.Release|Any CPU.Build.0 = Release|Any CPU
		{9D338E9A-FE94-49CD-9590-744D254683BD}.Debug|Any CPU.ActiveCfg = Debug|Any CPU
		{9D338E9A-FE94-49CD-9590-744D254683BD}.Debug|Any CPU.Build.0 = Debug|Any CPU
		{9D338E9A-FE94-49CD-9590-744D254683BD}.Release|Any CPU.ActiveCfg = Release|Any CPU
		{9D338E9A-FE94-49CD-9590-744D254683BD}.Release|Any CPU.Build.0 = Release|Any CPU
	EndGlobalSection
	GlobalSection(SolutionProperties) = preSolution
		HideSolutionNode = FALSE
	EndGlobalSection
	GlobalSection(ExtensibilityGlobals) = postSolution
		SolutionGuid = {2D027BE9-9696-41FE-8B95-A8193C0248F0}
	EndGlobalSection
EndGlobal
